
Microsoft Visual Studio Solution File, Format Version 12.00
# Visual Studio Version 17
VisualStudioVersion = 17.7.34018.315
MinimumVisualStudioVersion = 10.0.40219.1
Project("{FAE04EC0-301F-11D3-BF4B-00C04F79EFBC}") = "INSTAGRAM", "INSTAGRAM\INSTAGRAM.csproj", "{BC2E897B-9DFE-4B11-8070-A28254FDC5E6}"
EndProject
Global
	GlobalSection(SolutionConfigurationPlatforms) = preSolution
		Debug|Any CPU = Debug|Any CPU
		Release|Any CPU = Release|Any CPU
	EndGlobalSection
	GlobalSection(ProjectConfigurationPlatforms) = postSolution
		{BC2E897B-9DFE-4B11-8070-A28254FDC5E6}.Debug|Any CPU.ActiveCfg = Debug|Any CPU
		{BC2E897B-9DFE-4B11-8070-A28254FDC5E6}.Debug|Any CPU.Build.0 = Debug|Any CPU
		{BC2E897B-9DFE-4B11-8070-A28254FDC5E6}.Release|Any CPU.ActiveCfg = Release|Any CPU
		{BC2E897B-9DFE-4B11-8070-A28254FDC5E6}.Release|Any CPU.Build.0 = Release|Any CPU
	EndGlobalSection
	GlobalSection(SolutionProperties) = preSolution
		HideSolutionNode = FALSE
	EndGlobalSection
	GlobalSection(ExtensibilityGlobals) = postSolution
		SolutionGuid = {B0F738EB-B60F-4D19-A757-E1ED95C8DF6E}
	EndGlobalSection
EndGlobal
